# THIS IS AN AUTOGENERATED FILE. DO NOT EDIT THIS FILE DIRECTLY.
# yarn lockfile v1


"@animoca/blockchain-inventory_metadata@^0.0.1":
  version "0.0.1"
  resolved "https://registry.yarnpkg.com/@animoca/blockchain-inventory_metadata/-/blockchain-inventory_metadata-0.0.1.tgz#4c347ec2685c71feeea4252e7379578c253dac84"
  integrity sha512-SsRMiAwJBrzM8XW4O2ONCuACGxHAVmy4rkzRiaD7yDgvrPb0j0SMD/2C0EhJNRGeUCk0tjsNZ1H7jUVwWPBqNw==
  dependencies:
    big-integer "^1.6.48"

big-integer@^1.6.48:
  version "1.6.48"
  resolved "https://registry.yarnpkg.com/big-integer/-/big-integer-1.6.48.tgz#8fd88bd1632cba4a1c8c3e3d7159f08bb95b4b9e"
  integrity sha512-j51egjPa7/i+RdiRuJbPdJ2FIUYYPhvYLjzoYbcMMm62ooO6F94fETG4MTs46zPAF9Brs04OajboA/qTGuz78w==

bits.js@^0.1.1:
  version "0.1.1"
  resolved "https://registry.yarnpkg.com/bits.js/-/bits.js-0.1.1.tgz#58fa1a4b77ab9a49ad682d8e13c3b3a1375ce527"
  integrity sha512-O9/LmPNBSkR/5K8vkJUxdE4zQMRY/HKCXYFym7Su5u4IdGjabhwCGNPXNz4NnH5UfSgHMZApZfis9EBihIDw8Q==
  dependencies:
    big-integer "^1.6.48"

commander@^5.1.0:
  version "5.1.0"
  resolved "https://registry.yarnpkg.com/commander/-/commander-5.1.0.tgz#46abbd1652f8e059bddaef99bbdcb2ad9cf179ae"
  integrity sha512-P0CysNDQ7rtVw4QIQtm+MRxV66vKFSvlsQvGYXZWR3qFU0jlMKHZZZgw8e+8DSah4UDKMqnknRDQz+xuQXQ/Zg==

prettier@^2.0.5:
  version "2.0.5"
  resolved "https://registry.yarnpkg.com/prettier/-/prettier-2.0.5.tgz#d6d56282455243f2f92cc1716692c08aa31522d4"
  integrity sha512-7PtVymN48hGcO4fGjybyBSIWDsLU4H4XlvOHfq91pz9kkGlonzwTfYkaIEwiRg/dAJF9YlbsduBAgtYLi+8cFg==
